
Microsoft Visual Studio Solution File, Format Version 12.00
# Visual Studio Version 16
VisualStudioVersion = 16.0.810.14
MinimumVisualStudioVersion = 10.0.40219.1
Project("{FAE04EC0-301F-11D3-BF4B-00C04F79EFBC}") = "src", "src.csproj", "{894437F3-669B-4985-AE1A-1E1633DFEADE}"
EndProject
Global
	GlobalSection(SolutionConfigurationPlatforms) = preSolution
		Debug|Any CPU = Debug|Any CPU
		Release|Any CPU = Release|Any CPU
	EndGlobalSection
	GlobalSection(ProjectConfigurationPlatforms) = postSolution
		{894437F3-669B-4985-AE1A-1E1633DFEADE}.Debug|Any CPU.ActiveCfg = Debug|Any CPU
		{894437F3-669B-4985-AE1A-1E1633DFEADE}.Debug|Any CPU.Build.0 = Debug|Any CPU
		{894437F3-669B-4985-AE1A-1E1633DFEADE}.Release|Any CPU.ActiveCfg = Release|Any CPU
		{894437F3-669B-4985-AE1A-1E1633DFEADE}.Release|Any CPU.Build.0 = Release|Any CPU
	EndGlobalSection
	GlobalSection(SolutionProperties) = preSolution
		HideSolutionNode = FALSE
	EndGlobalSection
	GlobalSection(ExtensibilityGlobals) = postSolution
		SolutionGuid = {0C902F0F-AAC4-48B4-8A75-C211B2439B2E}
	EndGlobalSection
EndGlobal
